{
  "name": "cibershield",
  "version": "1.0.0",
  "lockfileVersion": 3,
  "requires": true,
  "packages": {
    "": {
      "name": "cibershield",
      "version": "1.0.0",
      "license": "MIT",
      "dependencies": {
        "@masebato/apix": "file:../apix"
      },
      "engines": {
        "node": ">=20.0.0"
      }
    },
    "../apix": {
      "name": "@masebato/apix",
      "version": "1.0.1",
      "license": "MIT",
      "dependencies": {
        "compression": "^1.7.4",
        "cors": "^2.8.5",
        "express": "^4.18.2",
        "express-openapi-validator": "^5.3.6",
        "helmet": "^7.1.0",
        "js-yaml": "^4.1.0",
        "swagger-ui-express": "^5.0.0"
      },
      "engines": {
        "node": ">=20.0.0"
      },
      "peerDependencies": {
        "my-logger": "*"
      },
      "peerDependenciesMeta": {
        "my-logger": {
          "optional": true
        }
      }
    },
    "node_modules/@masebato/apix": {
      "resolved": "../apix",
      "link": true
    }
  }
}
